
Microsoft Visual Studio Solution File, Format Version 12.00
# Visual Studio Version 16
VisualStudioVersion = 16.0.29230.61
MinimumVisualStudioVersion = 10.0.40219.1
Project("{9A19103F-16F7-4668-BE54-9A1E7A4F7556}") = "CefSharp.MinimalExample.OffScreen.netcore", "CefSharp.MinimalExample.OffScreen\CefSharp.MinimalExample.OffScreen.netcore.csproj", "{AB1B7B81-D472-43B2-AFE3-DE5D1B22B9CE}"
EndProject
Project("{FAE04EC0-301F-11D3-BF4B-00C04F79EFBC}") = "Launcher", "Launcher\Launcher.csproj", "{159D722C-A527-4F22-8096-ECD83E37B1AA}"
	ProjectSection(ProjectDependencies) = postProject
		{AB1B7B81-D472-43B2-AFE3-DE5D1B22B9CE} = {AB1B7B81-D472-43B2-AFE3-DE5D1B22B9CE}
	EndProjectSection
EndProject
Project("{2150E333-8FDC-42A3-9474-1A3956D46DE8}") = "Solution Items", "Solution Items", "{4A1A3436-E782-4594-87E2-C7F793009EF9}"
	ProjectSection(SolutionItems) = preProject
		Repo.cmd = Repo.cmd
	EndProjectSection
EndProject
Global
	GlobalSection(SolutionConfigurationPlatforms) = preSolution
		Debug|Any CPU = Debug|Any CPU
		Debug|x64 = Debug|x64
		Debug|x86 = Debug|x86
		Release|Any CPU = Release|Any CPU
		Release|x64 = Release|x64
		Release|x86 = Release|x86
	EndGlobalSection
	GlobalSection(ProjectConfigurationPlatforms) = postSolution
		{AB1B7B81-D472-43B2-AFE3-DE5D1B22B9CE}.Debug|Any CPU.ActiveCfg = Debug|Any CPU
		{AB1B7B81-D472-43B2-AFE3-DE5D1B22B9CE}.Debug|Any CPU.Build.0 = Debug|Any CPU
		{AB1B7B81-D472-43B2-AFE3-DE5D1B22B9CE}.Debug|x64.ActiveCfg = Debug|x64
		{AB1B7B81-D472-43B2-AFE3-DE5D1B22B9CE}.Debug|x64.Build.0 = Debug|x64
		{AB1B7B81-D472-43B2-AFE3-DE5D1B22B9CE}.Debug|x86.ActiveCfg = Debug|x86
		{AB1B7B81-D472-43B2-AFE3-DE5D1B22B9CE}.Debug|x86.Build.0 = Debug|x86
		{AB1B7B81-D472-43B2-AFE3-DE5D1B22B9CE}.Release|Any CPU.ActiveCfg = Release|Any CPU
		{AB1B7B81-D472-43B2-AFE3-DE5D1B22B9CE}.Release|Any CPU.Build.0 = Release|Any CPU
		{AB1B7B81-D472-43B2-AFE3-DE5D1B22B9CE}.Release|x64.ActiveCfg = Release|x64
		{AB1B7B81-D472-43B2-AFE3-DE5D1B22B9CE}.Release|x64.Build.0 = Release|x64
		{AB1B7B81-D472-43B2-AFE3-DE5D1B22B9CE}.Release|x86.ActiveCfg = Release|x86
		{AB1B7B81-D472-43B2-AFE3-DE5D1B22B9CE}.Release|x86.Build.0 = Release|x86
		{159D722C-A527-4F22-8096-ECD83E37B1AA}.Debug|Any CPU.ActiveCfg = Debug|Any CPU
		{159D722C-A527-4F22-8096-ECD83E37B1AA}.Debug|Any CPU.Build.0 = Debug|Any CPU
		{159D722C-A527-4F22-8096-ECD83E37B1AA}.Debug|x64.ActiveCfg = Debug|Any CPU
		{159D722C-A527-4F22-8096-ECD83E37B1AA}.Debug|x64.Build.0 = Debug|Any CPU
		{159D722C-A527-4F22-8096-ECD83E37B1AA}.Debug|x86.ActiveCfg = Debug|Any CPU
		{159D722C-A527-4F22-8096-ECD83E37B1AA}.Debug|x86.Build.0 = Debug|Any CPU
		{159D722C-A527-4F22-8096-ECD83E37B1AA}.Release|Any CPU.ActiveCfg = Release|Any CPU
		{159D722C-A527-4F22-8096-ECD83E37B1AA}.Release|Any CPU.Build.0 = Release|Any CPU
		{159D722C-A527-4F22-8096-ECD83E37B1AA}.Release|x64.ActiveCfg = Release|Any CPU
		{159D722C-A527-4F22-8096-ECD83E37B1AA}.Release|x64.Build.0 = Release|Any CPU
		{159D722C-A527-4F22-8096-ECD83E37B1AA}.Release|x86.ActiveCfg = Release|Any CPU
		{159D722C-A527-4F22-8096-ECD83E37B1AA}.Release|x86.Build.0 = Release|Any CPU
	EndGlobalSection
	GlobalSection(SolutionProperties) = preSolution
		HideSolutionNode = FALSE
	EndGlobalSection
	GlobalSection(ExtensibilityGlobals) = postSolution
		SolutionGuid = {81E9E2D5-A36B-4EB6-82A4-BAE734AEB0CC}
	EndGlobalSection
EndGlobal
